
Microsoft Visual Studio Solution File, Format Version 12.00
# Visual Studio Version 17
VisualStudioVersion = 17.7.34202.233
MinimumVisualStudioVersion = 10.0.40219.1
Project("{FAE04EC0-301F-11D3-BF4B-00C04F79EFBC}") = "FDB backend", "FDB backend\FDB backend.csproj", "{49283A29-01A3-45A2-B606-7196E6469F21}"
EndProject
Global
	GlobalSection(SolutionConfigurationPlatforms) = preSolution
		Debug|Any CPU = Debug|Any CPU
		Release|Any CPU = Release|Any CPU
	EndGlobalSection
	GlobalSection(ProjectConfigurationPlatforms) = postSolution
		{49283A29-01A3-45A2-B606-7196E6469F21}.Debug|Any CPU.ActiveCfg = Debug|Any CPU
		{49283A29-01A3-45A2-B606-7196E6469F21}.Debug|Any CPU.Build.0 = Debug|Any CPU
		{49283A29-01A3-45A2-B606-7196E6469F21}.Release|Any CPU.ActiveCfg = Release|Any CPU
		{49283A29-01A3-45A2-B606-7196E6469F21}.Release|Any CPU.Build.0 = Release|Any CPU
	EndGlobalSection
	GlobalSection(SolutionProperties) = preSolution
		HideSolutionNode = FALSE
	EndGlobalSection
	GlobalSection(ExtensibilityGlobals) = postSolution
		SolutionGuid = {C8EFC282-6DFA-4522-A1D1-80C669EA8718}
	EndGlobalSection
EndGlobal
